PODS:
  - Flutter (1.0.0)
  - flutter_sound (8.5.0):
    - Flutter
    - flutter_sound_core (= 8.5.0)
    - mobile-ffmpeg-audio (= 4.4.LTS)
  - flutter_sound_core (8.5.0)
  - mobile-ffmpeg-audio (4.4.LTS)
  - path_provider_foundation (0.0.1):
    - Flutter
    - FlutterMacOS
  - "permission_handler (5.1.0+2)":
    - Flutter
  - speech_to_text (0.0.1):
    - Flutter
    - Try
  - Try (2.1.1)
  - url_launcher_ios (0.0.1):
    - Flutter

DEPENDENCIES:
  - Flutter (from `Flutter`)
  - flutter_sound (from `.symlinks/plugins/flutter_sound/ios`)
  - path_provider_foundation (from `.symlinks/plugins/path_provider_foundation/ios`)
  - permission_handler (from `.symlinks/plugins/permission_handler/ios`)
  - speech_to_text (from `.symlinks/plugins/speech_to_text/ios`)
  - url_launcher_ios (from `.symlinks/plugins/url_launcher_ios/ios`)

SPEC REPOS:
  trunk:
    - flutter_sound_core
    - mobile-ffmpeg-audio
    - Try

EXTERNAL SOURCES:
  Flutter:
    :path: Flutter
  flutter_sound:
    :path: ".symlinks/plugins/flutter_sound/ios"
  path_provider_foundation:
    :path: ".symlinks/plugins/path_provider_foundation/ios"
  permission_handler:
    :path: ".symlinks/plugins/permission_handler/ios"
  speech_to_text:
    :path: ".symlinks/plugins/speech_to_text/ios"
  url_launcher_ios:
    :path: ".symlinks/plugins/url_launcher_ios/ios"

SPEC CHECKSUMS:
  Flutter: f04841e97a9d0b0a8025694d0796dd46242b2854
  flutter_sound: ba7daf658dea78e9f18b79657338bfc222489f4f
  flutter_sound_core: d9396f10752a0df9aa3197f4c431d62d934918cc
  mobile-ffmpeg-audio: 1e0a053f8a6de57114e50ff48b3a85ff1c60f902
  path_provider_foundation: c68054786f1b4f3343858c1e1d0caaded73f0be9
  permission_handler: ccb20a9fad0ee9b1314a52b70b76b473c5f8dab0
  speech_to_text: b43a7d99aef037bd758ed8e45d79bbac035d2dfe
  Try: 5ef669ae832617b3cee58cb2c6f99fb767a4ff96
  url_launcher_ios: 08a3dfac5fb39e8759aeb0abbd5d9480f30fc8b4

PODFILE CHECKSUM: ef19549a9bc3046e7bb7d2fab4d021637c0c58a3

COCOAPODS: 1.11.3
